// !$*UTF8*$!
{
	archiveVersion = 1;
	classes = {
	};
	objectVersion = 56;
	objects = {

/* Begin PBXBuildFile section */
		489BCFA62C64B49A0091D3F7 /* AppDelegate.swift in Sources */ = {isa = PBXBuildFile; fileRef = 489BCFA52C64B49A0091D3F7 /* AppDelegate.swift */; };
		489BCFA82C64B49A0091D3F7 /* SceneDelegate.swift in Sources */ = {isa = PBXBuildFile; fileRef = 489BCFA72C64B49A0091D3F7 /* SceneDelegate.swift */; };
		489BCFAA2C64B49A0091D3F7 /* SearchViewController.swift in Sources */ = {isa = PBXBuildFile; fileRef = 489BCFA92C64B49A0091D3F7 /* SearchViewController.swift */; };
		489BCFAF2C64B49C0091D3F7 /* Assets.xcassets in Resources */ = {isa = PBXBuildFile; fileRef = 489BCFAE2C64B49C0091D3F7 /* Assets.xcassets */; };
		489BCFB22C64B49C0091D3F7 /* Base in Resources */ = {isa = PBXBuildFile; fileRef = 489BCFB12C64B49C0091D3F7 /* Base */; };
		489BCFBD2C64BB280091D3F7 /* BaseViewController.swift in Sources */ = {isa = PBXBuildFile; fileRef = 489BCFBC2C64BB280091D3F7 /* BaseViewController.swift */; };
		489BCFC02C64BC640091D3F7 /* SnapKit in Frameworks */ = {isa = PBXBuildFile; productRef = 489BCFBF2C64BC640091D3F7 /* SnapKit */; };
		489BCFC22C64BD540091D3F7 /* SearchViewModel.swift in Sources */ = {isa = PBXBuildFile; fileRef = 489BCFC12C64BD540091D3F7 /* SearchViewModel.swift */; };
		489BCFC42C64BD6B0091D3F7 /* NetworkManager.swift in Sources */ = {isa = PBXBuildFile; fileRef = 489BCFC32C64BD6B0091D3F7 /* NetworkManager.swift */; };
		489BCFC72C64BEDF0091D3F7 /* RxCocoa in Frameworks */ = {isa = PBXBuildFile; productRef = 489BCFC62C64BEDF0091D3F7 /* RxCocoa */; };
		489BCFC92C64BEDF0091D3F7 /* RxSwift in Frameworks */ = {isa = PBXBuildFile; productRef = 489BCFC82C64BEDF0091D3F7 /* RxSwift */; };
		489BCFCB2C64BFD60091D3F7 /* Search.swift in Sources */ = {isa = PBXBuildFile; fileRef = 489BCFCA2C64BFD60091D3F7 /* Search.swift */; };
		489BCFCD2C64C9DF0091D3F7 /* SearchTableViewCell.swift in Sources */ = {isa = PBXBuildFile; fileRef = 489BCFCC2C64C9DF0091D3F7 /* SearchTableViewCell.swift */; };
		489BCFD42C6508670091D3F7 /* Kingfisher in Frameworks */ = {isa = PBXBuildFile; productRef = 489BCFD32C6508670091D3F7 /* Kingfisher */; };
		489BCFD62C650D330091D3F7 /* DetailViewController.swift in Sources */ = {isa = PBXBuildFile; fileRef = 489BCFD52C650D330091D3F7 /* DetailViewController.swift */; };
/* End PBXBuildFile section */

/* Begin PBXFileReference section */
		489BCFA22C64B49A0091D3F7 /* iTunesSearchApp.app */ = {isa = PBXFileReference; explicitFileType = wrapper.application; includeInIndex = 0; path = iTunesSearchApp.app; sourceTree = BUILT_PRODUCTS_DIR; };
		489BCFA52C64B49A0091D3F7 /* AppDelegate.swift */ = {isa = PBXFileReference; lastKnownFileType = sourcecode.swift; path = AppDelegate.swift; sourceTree = "<group>"; };
		489BCFA72C64B49A0091D3F7 /* SceneDelegate.swift */ = {isa = PBXFileReference; lastKnownFileType = sourcecode.swift; path = SceneDelegate.swift; sourceTree = "<group>"; };
		489BCFA92C64B49A0091D3F7 /* SearchViewController.swift */ = {isa = PBXFileReference; lastKnownFileType = sourcecode.swift; path = SearchViewController.swift; sourceTree = "<group>"; };
		489BCFAE2C64B49C0091D3F7 /* Assets.xcassets */ = {isa = PBXFileReference; lastKnownFileType = folder.assetcatalog; path = Assets.xcassets; sourceTree = "<group>"; };
		489BCFB12C64B49C0091D3F7 /* Base */ = {isa = PBXFileReference; lastKnownFileType = file.storyboard; name = Base; path = Base.lproj/LaunchScreen.storyboard; sourceTree = "<group>"; };
		489BCFB32C64B49C0091D3F7 /* Info.plist */ = {isa = PBXFileReference; lastKnownFileType = text.plist.xml; path = Info.plist; sourceTree = "<group>"; };
		489BCFBC2C64BB280091D3F7 /* BaseViewController.swift */ = {isa = PBXFileReference; lastKnownFileType = sourcecode.swift; path = BaseViewController.swift; sourceTree = "<group>"; };
		489BCFC12C64BD540091D3F7 /* SearchViewModel.swift */ = {isa = PBXFileReference; lastKnownFileType = sourcecode.swift; path = SearchViewModel.swift; sourceTree = "<group>"; };
		489BCFC32C64BD6B0091D3F7 /* NetworkManager.swift */ = {isa = PBXFileReference; lastKnownFileType = sourcecode.swift; path = NetworkManager.swift; sourceTree = "<group>"; };
		489BCFCA2C64BFD60091D3F7 /* Search.swift */ = {isa = PBXFileReference; lastKnownFileType = sourcecode.swift; path = Search.swift; sourceTree = "<group>"; };
		489BCFCC2C64C9DF0091D3F7 /* SearchTableViewCell.swift */ = {isa = PBXFileReference; lastKnownFileType = sourcecode.swift; path = SearchTableViewCell.swift; sourceTree = "<group>"; };
		489BCFD52C650D330091D3F7 /* DetailViewController.swift */ = {isa = PBXFileReference; lastKnownFileType = sourcecode.swift; path = DetailViewController.swift; sourceTree = "<group>"; };
/* End PBXFileReference section */

/* Begin PBXFrameworksBuildPhase section */
		489BCF9F2C64B49A0091D3F7 /* Frameworks */ = {
			isa = PBXFrameworksBuildPhase;
			buildActionMask = 2147483647;
			files = (
				489BCFD42C6508670091D3F7 /* Kingfisher in Frameworks */,
				489BCFC92C64BEDF0091D3F7 /* RxSwift in Frameworks */,
				489BCFC72C64BEDF0091D3F7 /* RxCocoa in Frameworks */,
				489BCFC02C64BC640091D3F7 /* SnapKit in Frameworks */,
			);
			runOnlyForDeploymentPostprocessing = 0;
		};
/* End PBXFrameworksBuildPhase section */

/* Begin PBXGroup section */
		489BCF992C64B49A0091D3F7 = {
			isa = PBXGroup;
			children = (
				489BCFA42C64B49A0091D3F7 /* iTunesSearchApp */,
				489BCFA32C64B49A0091D3F7 /* Products */,
			);
			sourceTree = "<group>";
		};
		489BCFA32C64B49A0091D3F7 /* Products */ = {
			isa = PBXGroup;
			children = (
				489BCFA22C64B49A0091D3F7 /* iTunesSearchApp.app */,
			);
			name = Products;
			sourceTree = "<group>";
		};
		489BCFA42C64B49A0091D3F7 /* iTunesSearchApp */ = {
			isa = PBXGroup;
			children = (
				489BCFBB2C64BB110091D3F7 /* Base */,
				489BCFBA2C64B69E0091D3F7 /* Search */,
				489BCFB92C64B6930091D3F7 /* App */,
				489BCFAE2C64B49C0091D3F7 /* Assets.xcassets */,
				489BCFB02C64B49C0091D3F7 /* LaunchScreen.storyboard */,
				489BCFB32C64B49C0091D3F7 /* Info.plist */,
			);
			path = iTunesSearchApp;
			sourceTree = "<group>";
		};
		489BCFB92C64B6930091D3F7 /* App */ = {
			isa = PBXGroup;
			children = (
				489BCFA52C64B49A0091D3F7 /* AppDelegate.swift */,
				489BCFA72C64B49A0091D3F7 /* SceneDelegate.swift */,
			);
			path = App;
			sourceTree = "<group>";
		};
		489BCFBA2C64B69E0091D3F7 /* Search */ = {
			isa = PBXGroup;
			children = (
				489BCFA92C64B49A0091D3F7 /* SearchViewController.swift */,
				489BCFC12C64BD540091D3F7 /* SearchViewModel.swift */,
				489BCFC32C64BD6B0091D3F7 /* NetworkManager.swift */,
				489BCFCA2C64BFD60091D3F7 /* Search.swift */,
				489BCFCC2C64C9DF0091D3F7 /* SearchTableViewCell.swift */,
				489BCFD52C650D330091D3F7 /* DetailViewController.swift */,
			);
			path = Search;
			sourceTree = "<group>";
		};
		489BCFBB2C64BB110091D3F7 /* Base */ = {
			isa = PBXGroup;
			children = (
				489BCFBC2C64BB280091D3F7 /* BaseViewController.swift */,
			);
			path = Base;
			sourceTree = "<group>";
		};
/* End PBXGroup section */

/* Begin PBXNativeTarget section */
		489BCFA12C64B49A0091D3F7 /* iTunesSearchApp */ = {
			isa = PBXNativeTarget;
			buildConfigurationList = 489BCFB62C64B49C0091D3F7 /* Build configuration list for PBXNativeTarget "iTunesSearchApp" */;
			buildPhases = (
				489BCF9E2C64B49A0091D3F7 /* Sources */,
				489BCF9F2C64B49A0091D3F7 /* Frameworks */,
				489BCFA02C64B49A0091D3F7 /* Resources */,
			);
			buildRules = (
			);
			dependencies = (
			);
			name = iTunesSearchApp;
			packageProductDependencies = (
				489BCFBF2C64BC640091D3F7 /* SnapKit */,
				489BCFC62C64BEDF0091D3F7 /* RxCocoa */,
				489BCFC82C64BEDF0091D3F7 /* RxSwift */,
				489BCFD32C6508670091D3F7 /* Kingfisher */,
			);
			productName = iTunesSearchApp;
			productReference = 489BCFA22C64B49A0091D3F7 /* iTunesSearchApp.app */;
			productType = "com.apple.product-type.application";
		};
/* End PBXNativeTarget section */

/* Begin PBXProject section */
		489BCF9A2C64B49A0091D3F7 /* Project object */ = {
			isa = PBXProject;
			attributes = {
				BuildIndependentTargetsInParallel = 1;
				LastSwiftUpdateCheck = 1530;
				LastUpgradeCheck = 1530;
				TargetAttributes = {
					489BCFA12C64B49A0091D3F7 = {
						CreatedOnToolsVersion = 15.3;
					};
				};
			};
			buildConfigurationList = 489BCF9D2C64B49A0091D3F7 /* Build configuration list for PBXProject "iTunesSearchApp" */;
			compatibilityVersion = "Xcode 14.0";
			developmentRegion = en;
			hasScannedForEncodings = 0;
			knownRegions = (
				en,
				Base,
			);
			mainGroup = 489BCF992C64B49A0091D3F7;
			packageReferences = (
				489BCFBE2C64BC640091D3F7 /* XCRemoteSwiftPackageReference "SnapKit" */,
				489BCFC52C64BEDF0091D3F7 /* XCRemoteSwiftPackageReference "RxSwift" */,
				489BCFD22C6508670091D3F7 /* XCRemoteSwiftPackageReference "Kingfisher" */,
			);
			productRefGroup = 489BCFA32C64B49A0091D3F7 /* Products */;
			projectDirPath = "";
			projectRoot = "";
			targets = (
				489BCFA12C64B49A0091D3F7 /* iTunesSearchApp */,
			);
		};
/* End PBXProject section */

/* Begin PBXResourcesBuildPhase section */
		489BCFA02C64B49A0091D3F7 /* Resources */ = {
			isa = PBXResourcesBuildPhase;
			buildActionMask = 2147483647;
			files = (
				489BCFAF2C64B49C0091D3F7 /* Assets.xcassets in Resources */,
				489BCFB22C64B49C0091D3F7 /* Base in Resources */,
			);
			runOnlyForDeploymentPostprocessing = 0;
		};
/* End PBXResourcesBuildPhase section */

/* Begin PBXSourcesBuildPhase section */
		489BCF9E2C64B49A0091D3F7 /* Sources */ = {
			isa = PBXSourcesBuildPhase;
			buildActionMask = 2147483647;
			files = (
				489BCFD62C650D330091D3F7 /* DetailViewController.swift in Sources */,
				489BCFC42C64BD6B0091D3F7 /* NetworkManager.swift in Sources */,
				489BCFAA2C64B49A0091D3F7 /* SearchViewController.swift in Sources */,
				489BCFC22C64BD540091D3F7 /* SearchViewModel.swift in Sources */,
				489BCFBD2C64BB280091D3F7 /* BaseViewController.swift in Sources */,
				489BCFA62C64B49A0091D3F7 /* AppDelegate.swift in Sources */,
				489BCFCD2C64C9DF0091D3F7 /* SearchTableViewCell.swift in Sources */,
				489BCFA82C64B49A0091D3F7 /* SceneDelegate.swift in Sources */,
				489BCFCB2C64BFD60091D3F7 /* Search.swift in Sources */,
			);
			runOnlyForDeploymentPostprocessing = 0;
		};
/* End PBXSourcesBuildPhase section */

/* Begin PBXVariantGroup section */
		489BCFB02C64B49C0091D3F7 /* LaunchScreen.storyboard */ = {
			isa = PBXVariantGroup;
			children = (
				489BCFB12C64B49C0091D3F7 /* Base */,
			);
			name = LaunchScreen.storyboard;
			sourceTree = "<group>";
		};
/* End PBXVariantGroup section */

/* Begin XCBuildConfiguration section */
		489BCFB42C64B49C0091D3F7 /* Debug */ = {
			isa = XCBuildConfiguration;
			buildSettings = {
				ALWAYS_SEARCH_USER_PATHS = NO;
				ASSETCATALOG_COMPILER_GENERATE_SWIFT_ASSET_SYMBOL_EXTENSIONS = YES;
				CLANG_ANALYZER_NONNULL = YES;
				CLANG_ANALYZER_NUMBER_OBJECT_CONVERSION = YES_AGGRESSIVE;
				CLANG_CXX_LANGUAGE_STANDARD = "gnu++20";
				CLANG_ENABLE_MODULES = YES;
				CLANG_ENABLE_OBJC_ARC = YES;
				CLANG_ENABLE_OBJC_WEAK = YES;
				CLANG_WARN_BLOCK_CAPTURE_AUTORELEASING = YES;
				CLANG_WARN_BOOL_CONVERSION = YES;
				CLANG_WARN_COMMA = YES;
				CLANG_WARN_CONSTANT_CONVERSION = YES;
				CLANG_WARN_DEPRECATED_OBJC_IMPLEMENTATIONS = YES;
				CLANG_WARN_DIRECT_OBJC_ISA_USAGE = YES_ERROR;
				CLANG_WARN_DOCUMENTATION_COMMENTS = YES;
				CLANG_WARN_EMPTY_BODY = YES;
				CLANG_WARN_ENUM_CONVERSION = YES;
				CLANG_WARN_INFINITE_RECURSION = YES;
				CLANG_WARN_INT_CONVERSION = YES;
				CLANG_WARN_NON_LITERAL_NULL_CONVERSION = YES;
				CLANG_WARN_OBJC_IMPLICIT_RETAIN_SELF = YES;
				CLANG_WARN_OBJC_LITERAL_CONVERSION = YES;
				CLANG_WARN_OBJC_ROOT_CLASS = YES_ERROR;
				CLANG_WARN_QUOTED_INCLUDE_IN_FRAMEWORK_HEADER = YES;
				CLANG_WARN_RANGE_LOOP_ANALYSIS = YES;
				CLANG_WARN_STRICT_PROTOTYPES = YES;
				CLANG_WARN_SUSPICIOUS_MOVE = YES;
				CLANG_WARN_UNGUARDED_AVAILABILITY = YES_AGGRESSIVE;
				CLANG_WARN_UNREACHABLE_CODE = YES;
				CLANG_WARN__DUPLICATE_METHOD_MATCH = YES;
				COPY_PHASE_STRIP = NO;
				DEBUG_INFORMATION_FORMAT = dwarf;
				ENABLE_STRICT_OBJC_MSGSEND = YES;
				ENABLE_TESTABILITY = YES;
				ENABLE_USER_SCRIPT_SANDBOXING = YES;
				GCC_C_LANGUAGE_STANDARD = gnu17;
				GCC_DYNAMIC_NO_PIC = NO;
				GCC_NO_COMMON_BLOCKS = YES;
				GCC_OPTIMIZATION_LEVEL = 0;
				GCC_PREPROCESSOR_DEFINITIONS = (
					"DEBUG=1",
					"$(inherited)",
				);
				GCC_WARN_64_TO_32_BIT_CONVERSION = YES;
				GCC_WARN_ABOUT_RETURN_TYPE = YES_ERROR;
				GCC_WARN_UNDECLARED_SELECTOR = YES;
				GCC_WARN_UNINITIALIZED_AUTOS = YES_AGGRESSIVE;
				GCC_WARN_UNUSED_FUNCTION = YES;
				GCC_WARN_UNUSED_VARIABLE = YES;
				INFOPLIST_KEY_UIMainStoryboardFile = "";
				IPHONEOS_DEPLOYMENT_TARGET = 17.4;
				LOCALIZATION_PREFERS_STRING_CATALOGS = YES;
				MTL_ENABLE_DEBUG_INFO = INCLUDE_SOURCE;
				MTL_FAST_MATH = YES;
				ONLY_ACTIVE_ARCH = YES;
				SDKROOT = iphoneos;
				SWIFT_ACTIVE_COMPILATION_CONDITIONS = "DEBUG $(inherited)";
				SWIFT_OPTIMIZATION_LEVEL = "-Onone";
			};
			name = Debug;
		};
		489BCFB52C64B49C0091D3F7 /* Release */ = {
			isa = XCBuildConfiguration;
			buildSettings = {
				ALWAYS_SEARCH_USER_PATHS = NO;
				ASSETCATALOG_COMPILER_GENERATE_SWIFT_ASSET_SYMBOL_EXTENSIONS = YES;
				CLANG_ANALYZER_NONNULL = YES;
				CLANG_ANALYZER_NUMBER_OBJECT_CONVERSION = YES_AGGRESSIVE;
				CLANG_CXX_LANGUAGE_STANDARD = "gnu++20";
				CLANG_ENABLE_MODULES = YES;
				CLANG_ENABLE_OBJC_ARC = YES;
				CLANG_ENABLE_OBJC_WEAK = YES;
				CLANG_WARN_BLOCK_CAPTURE_AUTORELEASING = YES;
				CLANG_WARN_BOOL_CONVERSION = YES;
				CLANG_WARN_COMMA = YES;
				CLANG_WARN_CONSTANT_CONVERSION = YES;
				CLANG_WARN_DEPRECATED_OBJC_IMPLEMENTATIONS = YES;
				CLANG_WARN_DIRECT_OBJC_ISA_USAGE = YES_ERROR;
				CLANG_WARN_DOCUMENTATION_COMMENTS = YES;
				CLANG_WARN_EMPTY_BODY = YES;
				CLANG_WARN_ENUM_CONVERSION = YES;
				CLANG_WARN_INFINITE_RECURSION = YES;
				CLANG_WARN_INT_CONVERSION = YES;
				CLANG_WARN_NON_LITERAL_NULL_CONVERSION = YES;
				CLANG_WARN_OBJC_IMPLICIT_RETAIN_SELF = YES;
				CLANG_WARN_OBJC_LITERAL_CONVERSION = YES;
				CLANG_WARN_OBJC_ROOT_CLASS = YES_ERROR;
				CLANG_WARN_QUOTED_INCLUDE_IN_FRAMEWORK_HEADER = YES;
				CLANG_WARN_RANGE_LOOP_ANALYSIS = YES;
				CLANG_WARN_STRICT_PROTOTYPES = YES;
				CLANG_WARN_SUSPICIOUS_MOVE = YES;
				CLANG_WARN_UNGUARDED_AVAILABILITY = YES_AGGRESSIVE;
				CLANG_WARN_UNREACHABLE_CODE = YES;
				CLANG_WARN__DUPLICATE_METHOD_MATCH = YES;
				COPY_PHASE_STRIP = NO;
				DEBUG_INFORMATION_FORMAT = "dwarf-with-dsym";
				ENABLE_NS_ASSERTIONS = NO;
				ENABLE_STRICT_OBJC_MSGSEND = YES;
				ENABLE_USER_SCRIPT_SANDBOXING = YES;
				GCC_C_LANGUAGE_STANDARD = gnu17;
				GCC_NO_COMMON_BLOCKS = YES;
				GCC_WARN_64_TO_32_BIT_CONVERSION = YES;
				GCC_WARN_ABOUT_RETURN_TYPE = YES_ERROR;
				GCC_WARN_UNDECLARED_SELECTOR = YES;
				GCC_WARN_UNINITIALIZED_AUTOS = YES_AGGRESSIVE;
				GCC_WARN_UNUSED_FUNCTION = YES;
				GCC_WARN_UNUSED_VARIABLE = YES;
				INFOPLIST_KEY_UIMainStoryboardFile = "";
				IPHONEOS_DEPLOYMENT_TARGET = 17.4;
				LOCALIZATION_PREFERS_STRING_CATALOGS = YES;
				MTL_ENABLE_DEBUG_INFO = NO;
				MTL_FAST_MATH = YES;
				SDKROOT = iphoneos;
				SWIFT_COMPILATION_MODE = wholemodule;
				VALIDATE_PRODUCT = YES;
			};
			name = Release;
		};
		489BCFB72C64B49C0091D3F7 /* Debug */ = {
			isa = XCBuildConfiguration;
			buildSettings = {
				ASSETCATALOG_COMPILER_APPICON_NAME = AppIcon;
				ASSETCATALOG_COMPILER_GLOBAL_ACCENT_COLOR_NAME = AccentColor;
				CODE_SIGN_STYLE = Automatic;
				CURRENT_PROJECT_VERSION = 1;
				DEVELOPMENT_TEAM = U4HJYQP2ZD;
				GENERATE_INFOPLIST_FILE = YES;
				INFOPLIST_FILE = iTunesSearchApp/Info.plist;
				INFOPLIST_KEY_UIApplicationSupportsIndirectInputEvents = YES;
				INFOPLIST_KEY_UILaunchStoryboardName = LaunchScreen;
				INFOPLIST_KEY_UISupportedInterfaceOrientations = UIInterfaceOrientationPortrait;
				INFOPLIST_KEY_UISupportedInterfaceOrientations_iPad = UIInterfaceOrientationPortrait;
				IPHONEOS_DEPLOYMENT_TARGET = 15.0;
				LD_RUNPATH_SEARCH_PATHS = (
					"$(inherited)",
					"@executable_path/Frameworks",
				);
				MARKETING_VERSION = 1.0;
				PRODUCT_BUNDLE_IDENTIFIER = com.dahyun.iTunesSearchApp;
				PRODUCT_NAME = "$(TARGET_NAME)";
				SUPPORTED_PLATFORMS = "iphoneos iphonesimulator";
				SUPPORTS_MACCATALYST = NO;
				SUPPORTS_MAC_DESIGNED_FOR_IPHONE_IPAD = NO;
				SUPPORTS_XR_DESIGNED_FOR_IPHONE_IPAD = NO;
				SWIFT_EMIT_LOC_STRINGS = YES;
				SWIFT_VERSION = 5.0;
				TARGETED_DEVICE_FAMILY = 1;
			};
			name = Debug;
		};
		489BCFB82C64B49C0091D3F7 /* Release */ = {
			isa = XCBuildConfiguration;
			buildSettings = {
				ASSETCATALOG_COMPILER_APPICON_NAME = AppIcon;
				ASSETCATALOG_COMPILER_GLOBAL_ACCENT_COLOR_NAME = AccentColor;
				CODE_SIGN_STYLE = Automatic;
				CURRENT_PROJECT_VERSION = 1;
				DEVELOPMENT_TEAM = U4HJYQP2ZD;
				GENERATE_INFOPLIST_FILE = YES;
				INFOPLIST_FILE = iTunesSearchApp/Info.plist;
				INFOPLIST_KEY_UIApplicationSupportsIndirectInputEvents = YES;
				INFOPLIST_KEY_UILaunchStoryboardName = LaunchScreen;
				INFOPLIST_KEY_UISupportedInterfaceOrientations = UIInterfaceOrientationPortrait;
				INFOPLIST_KEY_UISupportedInterfaceOrientations_iPad = UIInterfaceOrientationPortrait;
				IPHONEOS_DEPLOYMENT_TARGET = 15.0;
				LD_RUNPATH_SEARCH_PATHS = (
					"$(inherited)",
					"@executable_path/Frameworks",
				);
				MARKETING_VERSION = 1.0;
				PRODUCT_BUNDLE_IDENTIFIER = com.dahyun.iTunesSearchApp;
				PRODUCT_NAME = "$(TARGET_NAME)";
				SUPPORTED_PLATFORMS = "iphoneos iphonesimulator";
				SUPPORTS_MACCATALYST = NO;
				SUPPORTS_MAC_DESIGNED_FOR_IPHONE_IPAD = NO;
				SUPPORTS_XR_DESIGNED_FOR_IPHONE_IPAD = NO;
				SWIFT_EMIT_LOC_STRINGS = YES;
				SWIFT_VERSION = 5.0;
				TARGETED_DEVICE_FAMILY = 1;
			};
			name = Release;
		};
/* End XCBuildConfiguration section */

/* Begin XCConfigurationList section */
		489BCF9D2C64B49A0091D3F7 /* Build configuration list for PBXProject "iTunesSearchApp" */ = {
			isa = XCConfigurationList;
			buildConfigurations = (
				489BCFB42C64B49C0091D3F7 /* Debug */,
				489BCFB52C64B49C0091D3F7 /* Release */,
			);
			defaultConfigurationIsVisible = 0;
			defaultConfigurationName = Release;
		};
		489BCFB62C64B49C0091D3F7 /* Build configuration list for PBXNativeTarget "iTunesSearchApp" */ = {
			isa = XCConfigurationList;
			buildConfigurations = (
				489BCFB72C64B49C0091D3F7 /* Debug */,
				489BCFB82C64B49C0091D3F7 /* Release */,
			);
			defaultConfigurationIsVisible = 0;
			defaultConfigurationName = Release;
		};
/* End XCConfigurationList section */

/* Begin XCRemoteSwiftPackageReference section */
		489BCFBE2C64BC640091D3F7 /* XCRemoteSwiftPackageReference "SnapKit" */ = {
			isa = XCRemoteSwiftPackageReference;
			repositoryURL = "https://github.com/SnapKit/SnapKit.git";
			requirement = {
				kind = upToNextMajorVersion;
				minimumVersion = 5.7.1;
			};
		};
		489BCFC52C64BEDF0091D3F7 /* XCRemoteSwiftPackageReference "RxSwift" */ = {
			isa = XCRemoteSwiftPackageReference;
			repositoryURL = "https://github.com/ReactiveX/RxSwift.git";
			requirement = {
				kind = upToNextMajorVersion;
				minimumVersion = 6.7.1;
			};
		};
		489BCFD22C6508670091D3F7 /* XCRemoteSwiftPackageReference "Kingfisher" */ = {
			isa = XCRemoteSwiftPackageReference;
			repositoryURL = "https://github.com/onevcat/Kingfisher.git";
			requirement = {
				kind = upToNextMajorVersion;
				minimumVersion = 7.12.0;
			};
		};
/* End XCRemoteSwiftPackageReference section */

/* Begin XCSwiftPackageProductDependency section */
		489BCFBF2C64BC640091D3F7 /* SnapKit */ = {
			isa = XCSwiftPackageProductDependency;
			package = 489BCFBE2C64BC640091D3F7 /* XCRemoteSwiftPackageReference "SnapKit" */;
			productName = SnapKit;
		};
		489BCFC62C64BEDF0091D3F7 /* RxCocoa */ = {
			isa = XCSwiftPackageProductDependency;
			package = 489BCFC52C64BEDF0091D3F7 /* XCRemoteSwiftPackageReference "RxSwift" */;
			productName = RxCocoa;
		};
		489BCFC82C64BEDF0091D3F7 /* RxSwift */ = {
			isa = XCSwiftPackageProductDependency;
			package = 489BCFC52C64BEDF0091D3F7 /* XCRemoteSwiftPackageReference "RxSwift" */;
			productName = RxSwift;
		};
		489BCFD32C6508670091D3F7 /* Kingfisher */ = {
			isa = XCSwiftPackageProductDependency;
			package = 489BCFD22C6508670091D3F7 /* XCRemoteSwiftPackageReference "Kingfisher" */;
			productName = Kingfisher;
		};
/* End XCSwiftPackageProductDependency section */
	};
	rootObject = 489BCF9A2C64B49A0091D3F7 /* Project object */;
}
